
Microsoft Visual Studio Solution File, Format Version 12.00
# Visual Studio Version 17
VisualStudioVersion = 17.14.36414.22 d17.14
MinimumVisualStudioVersion = 10.0.40219.1
Project("{FAE04EC0-301F-11D3-BF4B-00C04F79EFBC}") = "ConnectFourProject", "ConnectFourProject.csproj", "{6B81E3BA-D436-4AC1-8F09-AF8247DB38DA}"
EndProject
Global
	GlobalSection(SolutionConfigurationPlatforms) = preSolution
		Debug|Any CPU = Debug|Any CPU
		Release|Any CPU = Release|Any CPU
	EndGlobalSection
	GlobalSection(ProjectConfigurationPlatforms) = postSolution
		{6B81E3BA-D436-4AC1-8F09-AF8247DB38DA}.Debug|Any CPU.ActiveCfg = Debug|Any CPU
		{6B81E3BA-D436-4AC1-8F09-AF8247DB38DA}.Debug|Any CPU.Build.0 = Debug|Any CPU
		{6B81E3BA-D436-4AC1-8F09-AF8247DB38DA}.Release|Any CPU.ActiveCfg = Release|Any CPU
		{6B81E3BA-D436-4AC1-8F09-AF8247DB38DA}.Release|Any CPU.Build.0 = Release|Any CPU
	EndGlobalSection
	GlobalSection(SolutionProperties) = preSolution
		HideSolutionNode = FALSE
	EndGlobalSection
	GlobalSection(ExtensibilityGlobals) = postSolution
		SolutionGuid = {3BAE209E-FA77-497B-96B2-69F8BEC01278}
	EndGlobalSection
EndGlobal
